
Microsoft Visual Studio Solution File, Format Version 12.00
# Visual Studio Version 16
VisualStudioVersion = 16.0.30011.22
MinimumVisualStudioVersion = 10.0.40219.1
Project("{FAE04EC0-301F-11D3-BF4B-00C04F79EFBC}") = "Hello", "Hello\Hello.csproj", "{B441B25A-8D57-4ED5-B29B-27F71400A0F8}"
EndProject
Global
	GlobalSection(SolutionConfigurationPlatforms) = preSolution
		Debug|Any CPU = Debug|Any CPU
		Release|Any CPU = Release|Any CPU
	EndGlobalSection
	GlobalSection(ProjectConfigurationPlatforms) = postSolution
		{B441B25A-8D57-4ED5-B29B-27F71400A0F8}.Debug|Any CPU.ActiveCfg = Debug|Any CPU
		{B441B25A-8D57-4ED5-B29B-27F71400A0F8}.Debug|Any CPU.Build.0 = Debug|Any CPU
		{B441B25A-8D57-4ED5-B29B-27F71400A0F8}.Release|Any CPU.ActiveCfg = Release|Any CPU
		{B441B25A-8D57-4ED5-B29B-27F71400A0F8}.Release|Any CPU.Build.0 = Release|Any CPU
	EndGlobalSection
	GlobalSection(SolutionProperties) = preSolution
		HideSolutionNode = FALSE
	EndGlobalSection
	GlobalSection(ExtensibilityGlobals) = postSolution
		SolutionGuid = {2F7825C4-6406-4C07-9632-4A53BDC0B176}
	EndGlobalSection
EndGlobal
